
Microsoft Visual Studio Solution File, Format Version 12.00
# Visual Studio Version 17
VisualStudioVersion = 17.1.32210.238
MinimumVisualStudioVersion = 10.0.40219.1
Project("{FAE04EC0-301F-11D3-BF4B-00C04F79EFBC}") = "terminal", "terminal\terminal.csproj", "{1A5F7201-C981-4C73-BB15-E710ED96FE8D}"
EndProject
Global
	GlobalSection(SolutionConfigurationPlatforms) = preSolution
		Debug|Any CPU = Debug|Any CPU
		Release|Any CPU = Release|Any CPU
	EndGlobalSection
	GlobalSection(ProjectConfigurationPlatforms) = postSolution
		{1A5F7201-C981-4C73-BB15-E710ED96FE8D}.Debug|Any CPU.ActiveCfg = Debug|Any CPU
		{1A5F7201-C981-4C73-BB15-E710ED96FE8D}.Debug|Any CPU.Build.0 = Debug|Any CPU
		{1A5F7201-C981-4C73-BB15-E710ED96FE8D}.Release|Any CPU.ActiveCfg = Release|Any CPU
		{1A5F7201-C981-4C73-BB15-E710ED96FE8D}.Release|Any CPU.Build.0 = Release|Any CPU
	EndGlobalSection
	GlobalSection(SolutionProperties) = preSolution
		HideSolutionNode = FALSE
	EndGlobalSection
	GlobalSection(ExtensibilityGlobals) = postSolution
		SolutionGuid = {EC8E87D5-00C1-40B4-90D4-A2FF4C8FF642}
	EndGlobalSection
EndGlobal
